
Microsoft Visual Studio Solution File, Format Version 12.00
# Visual Studio Version 17
VisualStudioVersion = 17.14.36203.30 d17.14
MinimumVisualStudioVersion = 10.0.40219.1
Project("{FAE04EC0-301F-11D3-BF4B-00C04F79EFBC}") = "ExercicioArquivo", "ExercicioArquivo\ExercicioArquivo.csproj", "{929B8086-122C-46F4-8F74-2CA1BF3B55E2}"
EndProject
Global
	GlobalSection(SolutionConfigurationPlatforms) = preSolution
		Debug|Any CPU = Debug|Any CPU
		Release|Any CPU = Release|Any CPU
	EndGlobalSection
	GlobalSection(ProjectConfigurationPlatforms) = postSolution
		{929B8086-122C-46F4-8F74-2CA1BF3B55E2}.Debug|Any CPU.ActiveCfg = Debug|Any CPU
		{929B8086-122C-46F4-8F74-2CA1BF3B55E2}.Debug|Any CPU.Build.0 = Debug|Any CPU
		{929B8086-122C-46F4-8F74-2CA1BF3B55E2}.Release|Any CPU.ActiveCfg = Release|Any CPU
		{929B8086-122C-46F4-8F74-2CA1BF3B55E2}.Release|Any CPU.Build.0 = Release|Any CPU
	EndGlobalSection
	GlobalSection(SolutionProperties) = preSolution
		HideSolutionNode = FALSE
	EndGlobalSection
	GlobalSection(ExtensibilityGlobals) = postSolution
		SolutionGuid = {E6003FA1-1810-424D-A007-47E082951EE5}
	EndGlobalSection
EndGlobal
