
Microsoft Visual Studio Solution File, Format Version 12.00
# Visual Studio Version 17
VisualStudioVersion = 17.14.36203.30 d17.14
MinimumVisualStudioVersion = 10.0.40219.1
Project("{FAE04EC0-301F-11D3-BF4B-00C04F79EFBC}") = "AulaMetEClasAbstratos", "AulaMetEClasAbstratos\AulaMetEClasAbstratos.csproj", "{DC60A665-C4AA-4FFE-A828-E736F9D44733}"
EndProject
Global
	GlobalSection(SolutionConfigurationPlatforms) = preSolution
		Debug|Any CPU = Debug|Any CPU
		Release|Any CPU = Release|Any CPU
	EndGlobalSection
	GlobalSection(ProjectConfigurationPlatforms) = postSolution
		{DC60A665-C4AA-4FFE-A828-E736F9D44733}.Debug|Any CPU.ActiveCfg = Debug|Any CPU
		{DC60A665-C4AA-4FFE-A828-E736F9D44733}.Debug|Any CPU.Build.0 = Debug|Any CPU
		{DC60A665-C4AA-4FFE-A828-E736F9D44733}.Release|Any CPU.ActiveCfg = Release|Any CPU
		{DC60A665-C4AA-4FFE-A828-E736F9D44733}.Release|Any CPU.Build.0 = Release|Any CPU
	EndGlobalSection
	GlobalSection(SolutionProperties) = preSolution
		HideSolutionNode = FALSE
	EndGlobalSection
	GlobalSection(ExtensibilityGlobals) = postSolution
		SolutionGuid = {7AFEE66A-0729-4416-8C41-337B913E8138}
	EndGlobalSection
EndGlobal
