
Microsoft Visual Studio Solution File, Format Version 12.00
# Visual Studio Version 17
VisualStudioVersion = 17.14.36203.30 d17.14
MinimumVisualStudioVersion = 10.0.40219.1
Project("{FAE04EC0-301F-11D3-BF4B-00C04F79EFBC}") = "ExercicioPosts", "ExercicioPosts\ExercicioPosts.csproj", "{67B092A6-AE80-4F0D-9E8B-BACBC6161A9C}"
EndProject
Global
	GlobalSection(SolutionConfigurationPlatforms) = preSolution
		Debug|Any CPU = Debug|Any CPU
		Release|Any CPU = Release|Any CPU
	EndGlobalSection
	GlobalSection(ProjectConfigurationPlatforms) = postSolution
		{67B092A6-AE80-4F0D-9E8B-BACBC6161A9C}.Debug|Any CPU.ActiveCfg = Debug|Any CPU
		{67B092A6-AE80-4F0D-9E8B-BACBC6161A9C}.Debug|Any CPU.Build.0 = Debug|Any CPU
		{67B092A6-AE80-4F0D-9E8B-BACBC6161A9C}.Release|Any CPU.ActiveCfg = Release|Any CPU
		{67B092A6-AE80-4F0D-9E8B-BACBC6161A9C}.Release|Any CPU.Build.0 = Release|Any CPU
	EndGlobalSection
	GlobalSection(SolutionProperties) = preSolution
		HideSolutionNode = FALSE
	EndGlobalSection
	GlobalSection(ExtensibilityGlobals) = postSolution
		SolutionGuid = {4C571693-779C-4B62-B4F4-6649B5844E09}
	EndGlobalSection
EndGlobal
