
Microsoft Visual Studio Solution File, Format Version 12.00
# Visual Studio Version 17
VisualStudioVersion = 17.14.36203.30 d17.14
MinimumVisualStudioVersion = 10.0.40219.1
Project("{FAE04EC0-301F-11D3-BF4B-00C04F79EFBC}") = "ExercicioEmployeeLinq", "ExercicioEmployeeLinq\ExercicioEmployeeLinq.csproj", "{57AF9018-2BCA-48C4-8EFC-E8A4510C5E5B}"
EndProject
Global
	GlobalSection(SolutionConfigurationPlatforms) = preSolution
		Debug|Any CPU = Debug|Any CPU
		Release|Any CPU = Release|Any CPU
	EndGlobalSection
	GlobalSection(ProjectConfigurationPlatforms) = postSolution
		{57AF9018-2BCA-48C4-8EFC-E8A4510C5E5B}.Debug|Any CPU.ActiveCfg = Debug|Any CPU
		{57AF9018-2BCA-48C4-8EFC-E8A4510C5E5B}.Debug|Any CPU.Build.0 = Debug|Any CPU
		{57AF9018-2BCA-48C4-8EFC-E8A4510C5E5B}.Release|Any CPU.ActiveCfg = Release|Any CPU
		{57AF9018-2BCA-48C4-8EFC-E8A4510C5E5B}.Release|Any CPU.Build.0 = Release|Any CPU
	EndGlobalSection
	GlobalSection(SolutionProperties) = preSolution
		HideSolutionNode = FALSE
	EndGlobalSection
	GlobalSection(ExtensibilityGlobals) = postSolution
		SolutionGuid = {B65D9FE5-6829-45B1-BE60-3AE790A974E4}
	EndGlobalSection
EndGlobal
